
Microsoft Visual Studio Solution File, Format Version 12.00
# Visual Studio Version 16
VisualStudioVersion = 16.0.30114.105
MinimumVisualStudioVersion = 10.0.40219.1
Project("{FAE04EC0-301F-11D3-BF4B-00C04F79EFBC}") = "R5T.Angleterria", "R5T.Angleterria\R5T.Angleterria.csproj", "{926FFA79-78D6-48D2-BB01-A70A583920E2}"
EndProject
Project("{FAE04EC0-301F-11D3-BF4B-00C04F79EFBC}") = "R5T.Angleterria.Construction", "R5T.Angleterria.Construction\R5T.Angleterria.Construction.csproj", "{5091FACC-1666-45CA-B72B-67FA90A13CD0}"
EndProject
Project("{FAE04EC0-301F-11D3-BF4B-00C04F79EFBC}") = "R5T.Angleterria.Testing", "R5T.Angleterria.Testing\R5T.Angleterria.Testing.csproj", "{D6DB2CEE-EDA6-4C1F-BB14-518FD275CC89}"
EndProject
Global
	GlobalSection(SolutionConfigurationPlatforms) = preSolution
		Debug|Any CPU = Debug|Any CPU
		Debug|x64 = Debug|x64
		Debug|x86 = Debug|x86
		Release|Any CPU = Release|Any CPU
		Release|x64 = Release|x64
		Release|x86 = Release|x86
	EndGlobalSection
	GlobalSection(SolutionProperties) = preSolution
		HideSolutionNode = FALSE
	EndGlobalSection
	GlobalSection(ProjectConfigurationPlatforms) = postSolution
		{926FFA79-78D6-48D2-BB01-A70A583920E2}.Debug|Any CPU.ActiveCfg = Debug|Any CPU
		{926FFA79-78D6-48D2-BB01-A70A583920E2}.Debug|Any CPU.Build.0 = Debug|Any CPU
		{926FFA79-78D6-48D2-BB01-A70A583920E2}.Debug|x64.ActiveCfg = Debug|Any CPU
		{926FFA79-78D6-48D2-BB01-A70A583920E2}.Debug|x64.Build.0 = Debug|Any CPU
		{926FFA79-78D6-48D2-BB01-A70A583920E2}.Debug|x86.ActiveCfg = Debug|Any CPU
		{926FFA79-78D6-48D2-BB01-A70A583920E2}.Debug|x86.Build.0 = Debug|Any CPU
		{926FFA79-78D6-48D2-BB01-A70A583920E2}.Release|Any CPU.ActiveCfg = Release|Any CPU
		{926FFA79-78D6-48D2-BB01-A70A583920E2}.Release|Any CPU.Build.0 = Release|Any CPU
		{926FFA79-78D6-48D2-BB01-A70A583920E2}.Release|x64.ActiveCfg = Release|Any CPU
		{926FFA79-78D6-48D2-BB01-A70A583920E2}.Release|x64.Build.0 = Release|Any CPU
		{926FFA79-78D6-48D2-BB01-A70A583920E2}.Release|x86.ActiveCfg = Release|Any CPU
		{926FFA79-78D6-48D2-BB01-A70A583920E2}.Release|x86.Build.0 = Release|Any CPU
		{5091FACC-1666-45CA-B72B-67FA90A13CD0}.Debug|Any CPU.ActiveCfg = Debug|Any CPU
		{5091FACC-1666-45CA-B72B-67FA90A13CD0}.Debug|Any CPU.Build.0 = Debug|Any CPU
		{5091FACC-1666-45CA-B72B-67FA90A13CD0}.Debug|x64.ActiveCfg = Debug|Any CPU
		{5091FACC-1666-45CA-B72B-67FA90A13CD0}.Debug|x64.Build.0 = Debug|Any CPU
		{5091FACC-1666-45CA-B72B-67FA90A13CD0}.Debug|x86.ActiveCfg = Debug|Any CPU
		{5091FACC-1666-45CA-B72B-67FA90A13CD0}.Debug|x86.Build.0 = Debug|Any CPU
		{5091FACC-1666-45CA-B72B-67FA90A13CD0}.Release|Any CPU.ActiveCfg = Release|Any CPU
		{5091FACC-1666-45CA-B72B-67FA90A13CD0}.Release|Any CPU.Build.0 = Release|Any CPU
		{5091FACC-1666-45CA-B72B-67FA90A13CD0}.Release|x64.ActiveCfg = Release|Any CPU
		{5091FACC-1666-45CA-B72B-67FA90A13CD0}.Release|x64.Build.0 = Release|Any CPU
		{5091FACC-1666-45CA-B72B-67FA90A13CD0}.Release|x86.ActiveCfg = Release|Any CPU
		{5091FACC-1666-45CA-B72B-67FA90A13CD0}.Release|x86.Build.0 = Release|Any CPU
		{D6DB2CEE-EDA6-4C1F-BB14-518FD275CC89}.Debug|Any CPU.ActiveCfg = Debug|Any CPU
		{D6DB2CEE-EDA6-4C1F-BB14-518FD275CC89}.Debug|Any CPU.Build.0 = Debug|Any CPU
		{D6DB2CEE-EDA6-4C1F-BB14-518FD275CC89}.Debug|x64.ActiveCfg = Debug|Any CPU
		{D6DB2CEE-EDA6-4C1F-BB14-518FD275CC89}.Debug|x64.Build.0 = Debug|Any CPU
		{D6DB2CEE-EDA6-4C1F-BB14-518FD275CC89}.Debug|x86.ActiveCfg = Debug|Any CPU
		{D6DB2CEE-EDA6-4C1F-BB14-518FD275CC89}.Debug|x86.Build.0 = Debug|Any CPU
		{D6DB2CEE-EDA6-4C1F-BB14-518FD275CC89}.Release|Any CPU.ActiveCfg = Release|Any CPU
		{D6DB2CEE-EDA6-4C1F-BB14-518FD275CC89}.Release|Any CPU.Build.0 = Release|Any CPU
		{D6DB2CEE-EDA6-4C1F-BB14-518FD275CC89}.Release|x64.ActiveCfg = Release|Any CPU
		{D6DB2CEE-EDA6-4C1F-BB14-518FD275CC89}.Release|x64.Build.0 = Release|Any CPU
		{D6DB2CEE-EDA6-4C1F-BB14-518FD275CC89}.Release|x86.ActiveCfg = Release|Any CPU
		{D6DB2CEE-EDA6-4C1F-BB14-518FD275CC89}.Release|x86.Build.0 = Release|Any CPU
	EndGlobalSection
EndGlobal
